// !$*UTF8*$!
{
	archiveVersion = 1;
	classes = {
	};
	objectVersion = 46;
	objects = {

/* Begin PBXBuildFile section */
		7912A2C01A32D99D0098466E /* DetailViewController.m in Sources */ = {isa = PBXBuildFile; fileRef = 7912A2BF1A32D99D0098466E /* DetailViewController.m */; };
		7959B8DA1A31FC0600F52D17 /* main.m in Sources */ = {isa = PBXBuildFile; fileRef = 7959B8D91A31FC0600F52D17 /* main.m */; };
		7959B8DD1A31FC0600F52D17 /* AppDelegate.m in Sources */ = {isa = PBXBuildFile; fileRef = 7959B8DC1A31FC0600F52D17 /* AppDelegate.m */; };
		7959B8E01A31FC0600F52D17 /* ViewController.m in Sources */ = {isa = PBXBuildFile; fileRef = 7959B8DF1A31FC0600F52D17 /* ViewController.m */; };
		7959B8E31A31FC0600F52D17 /* Main.storyboard in Resources */ = {isa = PBXBuildFile; fileRef = 7959B8E11A31FC0600F52D17 /* Main.storyboard */; };
		7959B8E51A31FC0600F52D17 /* Images.xcassets in Resources */ = {isa = PBXBuildFile; fileRef = 7959B8E41A31FC0600F52D17 /* Images.xcassets */; };
		7959B8E81A31FC0600F52D17 /* LaunchScreen.xib in Resources */ = {isa = PBXBuildFile; fileRef = 7959B8E61A31FC0600F52D17 /* LaunchScreen.xib */; };
		7959B8F41A31FC0600F52D17 /* _014_12_05_3Tests.m in Sources */ = {isa = PBXBuildFile; fileRef = 7959B8F31A31FC0600F52D17 /* _014_12_05_3Tests.m */; };
		7959B9341A31FC8B00F52D17 /* AFHTTPRequestOperation.m in Sources */ = {isa = PBXBuildFile; fileRef = 7959B9001A31FC8B00F52D17 /* AFHTTPRequestOperation.m */; };
		7959B9351A31FC8B00F52D17 /* AFHTTPRequestOperationManager.m in Sources */ = {isa = PBXBuildFile; fileRef = 7959B9021A31FC8B00F52D17 /* AFHTTPRequestOperationManager.m */; };
		7959B9361A31FC8B00F52D17 /* AFHTTPSessionManager.m in Sources */ = {isa = PBXBuildFile; fileRef = 7959B9041A31FC8B00F52D17 /* AFHTTPSessionManager.m */; };
		7959B9371A31FC8B00F52D17 /* AFNetworkReachabilityManager.m in Sources */ = {isa = PBXBuildFile; fileRef = 7959B9071A31FC8B00F52D17 /* AFNetworkReachabilityManager.m */; };
		7959B9381A31FC8B00F52D17 /* AFSecurityPolicy.m in Sources */ = {isa = PBXBuildFile; fileRef = 7959B9091A31FC8B00F52D17 /* AFSecurityPolicy.m */; };
		7959B9391A31FC8B00F52D17 /* AFURLConnectionOperation.m in Sources */ = {isa = PBXBuildFile; fileRef = 7959B90B1A31FC8B00F52D17 /* AFURLConnectionOperation.m */; };
		7959B93A1A31FC8B00F52D17 /* AFURLRequestSerialization.m in Sources */ = {isa = PBXBuildFile; fileRef = 7959B90D1A31FC8B00F52D17 /* AFURLRequestSerialization.m */; };
		7959B93B1A31FC8B00F52D17 /* AFURLResponseSerialization.m in Sources */ = {isa = PBXBuildFile; fileRef = 7959B90F1A31FC8B00F52D17 /* AFURLResponseSerialization.m */; };
		7959B93C1A31FC8B00F52D17 /* AFURLSessionManager.m in Sources */ = {isa = PBXBuildFile; fileRef = 7959B9111A31FC8B00F52D17 /* AFURLSessionManager.m */; };
		7959B93D1A31FC8B00F52D17 /* MKAnnotationView+WebCache.m in Sources */ = {isa = PBXBuildFile; fileRef = 7959B9141A31FC8B00F52D17 /* MKAnnotationView+WebCache.m */; };
		7959B93E1A31FC8B00F52D17 /* NSData+ImageContentType.m in Sources */ = {isa = PBXBuildFile; fileRef = 7959B9161A31FC8B00F52D17 /* NSData+ImageContentType.m */; };
		7959B93F1A31FC8B00F52D17 /* SDImageCache.m in Sources */ = {isa = PBXBuildFile; fileRef = 7959B9181A31FC8B00F52D17 /* SDImageCache.m */; };
		7959B9401A31FC8B00F52D17 /* SDWebImageCompat.m in Sources */ = {isa = PBXBuildFile; fileRef = 7959B91A1A31FC8B00F52D17 /* SDWebImageCompat.m */; };
		7959B9411A31FC8B00F52D17 /* SDWebImageDecoder.m in Sources */ = {isa = PBXBuildFile; fileRef = 7959B91C1A31FC8B00F52D17 /* SDWebImageDecoder.m */; };
		7959B9421A31FC8B00F52D17 /* SDWebImageDownloader.m in Sources */ = {isa = PBXBuildFile; fileRef = 7959B91E1A31FC8B00F52D17 /* SDWebImageDownloader.m */; };
		7959B9431A31FC8B00F52D17 /* SDWebImageDownloaderOperation.m in Sources */ = {isa = PBXBuildFile; fileRef = 7959B9201A31FC8B00F52D17 /* SDWebImageDownloaderOperation.m */; };
		7959B9441A31FC8B00F52D17 /* SDWebImageManager.m in Sources */ = {isa = PBXBuildFile; fileRef = 7959B9221A31FC8B00F52D17 /* SDWebImageManager.m */; };
		7959B9451A31FC8B00F52D17 /* SDWebImagePrefetcher.m in Sources */ = {isa = PBXBuildFile; fileRef = 7959B9251A31FC8B00F52D17 /* SDWebImagePrefetcher.m */; };
		7959B9461A31FC8B00F52D17 /* UIButton+WebCache.m in Sources */ = {isa = PBXBuildFile; fileRef = 7959B9271A31FC8B00F52D17 /* UIButton+WebCache.m */; };
		7959B9471A31FC8B00F52D17 /* UIImage+GIF.m in Sources */ = {isa = PBXBuildFile; fileRef = 7959B9291A31FC8B00F52D17 /* UIImage+GIF.m */; };
		7959B9481A31FC8B00F52D17 /* UIImage+MultiFormat.m in Sources */ = {isa = PBXBuildFile; fileRef = 7959B92B1A31FC8B00F52D17 /* UIImage+MultiFormat.m */; };
		7959B9491A31FC8B00F52D17 /* UIImage+WebP.m in Sources */ = {isa = PBXBuildFile; fileRef = 7959B92D1A31FC8B00F52D17 /* UIImage+WebP.m */; };
		7959B94A1A31FC8B00F52D17 /* UIImageView+HighlightedWebCache.m in Sources */ = {isa = PBXBuildFile; fileRef = 7959B92F1A31FC8B00F52D17 /* UIImageView+HighlightedWebCache.m */; };
		7959B94B1A31FC8B00F52D17 /* UIImageView+WebCache.m in Sources */ = {isa = PBXBuildFile; fileRef = 7959B9311A31FC8B00F52D17 /* UIImageView+WebCache.m */; };
		7959B94C1A31FC8B00F52D17 /* UIView+WebCacheOperation.m in Sources */ = {isa = PBXBuildFile; fileRef = 7959B9331A31FC8B00F52D17 /* UIView+WebCacheOperation.m */; };
		7959B9501A31FE9400F52D17 /* NewsCell.m in Sources */ = {isa = PBXBuildFile; fileRef = 7959B94F1A31FE9400F52D17 /* NewsCell.m */; };
		7959B9531A32006F00F52D17 /* CustomImageView.m in Sources */ = {isa = PBXBuildFile; fileRef = 7959B9521A32006F00F52D17 /* CustomImageView.m */; };
/* End PBXBuildFile section */

/* Begin PBXContainerItemProxy section */
		7959B8EE1A31FC0600F52D17 /* PBXContainerItemProxy */ = {
			isa = PBXContainerItemProxy;
			containerPortal = 7959B8CC1A31FC0600F52D17 /* Project object */;
			proxyType = 1;
			remoteGlobalIDString = 7959B8D31A31FC0600F52D17;
			remoteInfo = "2014-12-05-3";
		};
/* End PBXContainerItemProxy section */

/* Begin PBXFileReference section */
		7912A2BE1A32D99D0098466E /* DetailViewController.h */ = {isa = PBXFileReference; fileEncoding = 4; lastKnownFileType = sourcecode.c.h; path = DetailViewController.h; sourceTree = "<group>"; };
		7912A2BF1A32D99D0098466E /* DetailViewController.m */ = {isa = PBXFileReference; fileEncoding = 4; lastKnownFileType = sourcecode.c.objc; path = DetailViewController.m; sourceTree = "<group>"; };
		7959B8D41A31FC0600F52D17 /* 2014-12-05-3.app */ = {isa = PBXFileReference; explicitFileType = wrapper.application; includeInIndex = 0; path = "2014-12-05-3.app"; sourceTree = BUILT_PRODUCTS_DIR; };
		7959B8D81A31FC0600F52D17 /* Info.plist */ = {isa = PBXFileReference; lastKnownFileType = text.plist.xml; path = Info.plist; sourceTree = "<group>"; };
		7959B8D91A31FC0600F52D17 /* main.m */ = {isa = PBXFileReference; lastKnownFileType = sourcecode.c.objc; path = main.m; sourceTree = "<group>"; };
		7959B8DB1A31FC0600F52D17 /* AppDelegate.h */ = {isa = PBXFileReference; lastKnownFileType = sourcecode.c.h; path = AppDelegate.h; sourceTree = "<group>"; };
		7959B8DC1A31FC0600F52D17 /* AppDelegate.m */ = {isa = PBXFileReference; lastKnownFileType = sourcecode.c.objc; path = AppDelegate.m; sourceTree = "<group>"; };
		7959B8DE1A31FC0600F52D17 /* ViewController.h */ = {isa = PBXFileReference; lastKnownFileType = sourcecode.c.h; path = ViewController.h; sourceTree = "<group>"; };
		7959B8DF1A31FC0600F52D17 /* ViewController.m */ = {isa = PBXFileReference; lastKnownFileType = sourcecode.c.objc; path = ViewController.m; sourceTree = "<group>"; };
		7959B8E21A31FC0600F52D17 /* Base */ = {isa = PBXFileReference; lastKnownFileType = file.storyboard; name = Base; path = Base.lproj/Main.storyboard; sourceTree = "<group>"; };
		7959B8E41A31FC0600F52D17 /* Images.xcassets */ = {isa = PBXFileReference; lastKnownFileType = folder.assetcatalog; path = Images.xcassets; sourceTree = "<group>"; };
		7959B8E71A31FC0600F52D17 /* Base */ = {isa = PBXFileReference; lastKnownFileType = file.xib; name = Base; path = Base.lproj/LaunchScreen.xib; sourceTree = "<group>"; };
		7959B8ED1A31FC0600F52D17 /* 2014-12-05-3Tests.xctest */ = {isa = PBXFileReference; explicitFileType = wrapper.cfbundle; includeInIndex = 0; path = "2014-12-05-3Tests.xctest"; sourceTree = BUILT_PRODUCTS_DIR; };
		7959B8F21A31FC0600F52D17 /* Info.plist */ = {isa = PBXFileReference; lastKnownFileType = text.plist.xml; path = Info.plist; sourceTree = "<group>"; };
		7959B8F31A31FC0600F52D17 /* _014_12_05_3Tests.m */ = {isa = PBXFileReference; lastKnownFileType = sourcecode.c.objc; path = _014_12_05_3Tests.m; sourceTree = "<group>"; };
		7959B8FF1A31FC8B00F52D17 /* AFHTTPRequestOperation.h */ = {isa = PBXFileReference; fileEncoding = 4; lastKnownFileType = sourcecode.c.h; path = AFHTTPRequestOperation.h; sourceTree = "<group>"; };
		7959B9001A31FC8B00F52D17 /* AFHTTPRequestOperation.m */ = {isa = PBXFileReference; fileEncoding = 4; lastKnownFileType = sourcecode.c.objc; path = AFHTTPRequestOperation.m; sourceTree = "<group>"; };
		7959B9011A31FC8B00F52D17 /* AFHTTPRequestOperationManager.h */ = {isa = PBXFileReference; fileEncoding = 4; lastKnownFileType = sourcecode.c.h; path = AFHTTPRequestOperationManager.h; sourceTree = "<group>"; };
		7959B9021A31FC8B00F52D17 /* AFHTTPRequestOperationManager.m */ = {isa = PBXFileReference; fileEncoding = 4; lastKnownFileType = sourcecode.c.objc; path = AFHTTPRequestOperationManager.m; sourceTree = "<group>"; };
		7959B9031A31FC8B00F52D17 /* AFHTTPSessionManager.h */ = {isa = PBXFileReference; fileEncoding = 4; lastKnownFileType = sourcecode.c.h; path = AFHTTPSessionManager.h; sourceTree = "<group>"; };
		7959B9041A31FC8B00F52D17 /* AFHTTPSessionManager.m */ = {isa = PBXFileReference; fileEncoding = 4; lastKnownFileType = sourcecode.c.objc; path = AFHTTPSessionManager.m; sourceTree = "<group>"; };
		7959B9051A31FC8B00F52D17 /* AFNetworking.h */ = {isa = PBXFileReference; fileEncoding = 4; lastKnownFileType = sourcecode.c.h; path = AFNetworking.h; sourceTree = "<group>"; };
		7959B9061A31FC8B00F52D17 /* AFNetworkReachabilityManager.h */ = {isa = PBXFileReference; fileEncoding = 4; lastKnownFileType = sourcecode.c.h; path = AFNetworkReachabilityManager.h; sourceTree = "<group>"; };
		7959B9071A31FC8B00F52D17 /* AFNetworkReachabilityManager.m */ = {isa = PBXFileReference; fileEncoding = 4; lastKnownFileType = sourcecode.c.objc; path = AFNetworkReachabilityManager.m; sourceTree = "<group>"; };
		7959B9081A31FC8B00F52D17 /* AFSecurityPolicy.h */ = {isa = PBXFileReference; fileEncoding = 4; lastKnownFileType = sourcecode.c.h; path = AFSecurityPolicy.h; sourceTree = "<group>"; };
		7959B9091A31FC8B00F52D17 /* AFSecurityPolicy.m */ = {isa = PBXFileReference; fileEncoding = 4; lastKnownFileType = sourcecode.c.objc; path = AFSecurityPolicy.m; sourceTree = "<group>"; };
		7959B90A1A31FC8B00F52D17 /* AFURLConnectionOperation.h */ = {isa = PBXFileReference; fileEncoding = 4; lastKnownFileType = sourcecode.c.h; path = AFURLConnectionOperation.h; sourceTree = "<group>"; };
		7959B90B1A31FC8B00F52D17 /* AFURLConnectionOperation.m */ = {isa = PBXFileReference; fileEncoding = 4; lastKnownFileType = sourcecode.c.objc; path = AFURLConnectionOperation.m; sourceTree = "<group>"; };
		7959B90C1A31FC8B00F52D17 /* AFURLRequestSerialization.h */ = {isa = PBXFileReference; fileEncoding = 4; lastKnownFileType = sourcecode.c.h; path = AFURLRequestSerialization.h; sourceTree = "<group>"; };
		7959B90D1A31FC8B00F52D17 /* AFURLRequestSerialization.m */ = {isa = PBXFileReference; fileEncoding = 4; lastKnownFileType = sourcecode.c.objc; path = AFURLRequestSerialization.m; sourceTree = "<group>"; };
		7959B90E1A31FC8B00F52D17 /* AFURLResponseSerialization.h */ = {isa = PBXFileReference; fileEncoding = 4; lastKnownFileType = sourcecode.c.h; path = AFURLResponseSerialization.h; sourceTree = "<group>"; };
		7959B90F1A31FC8B00F52D17 /* AFURLResponseSerialization.m */ = {isa = PBXFileReference; fileEncoding = 4; lastKnownFileType = sourcecode.c.objc; path = AFURLResponseSerialization.m; sourceTree = "<group>"; };
		7959B9101A31FC8B00F52D17 /* AFURLSessionManager.h */ = {isa = PBXFileReference; fileEncoding = 4; lastKnownFileType = sourcecode.c.h; path = AFURLSessionManager.h; sourceTree = "<group>"; };
		7959B9111A31FC8B00F52D17 /* AFURLSessionManager.m */ = {isa = PBXFileReference; fileEncoding = 4; lastKnownFileType = sourcecode.c.objc; path = AFURLSessionManager.m; sourceTree = "<group>"; };
		7959B9131A31FC8B00F52D17 /* MKAnnotationView+WebCache.h */ = {isa = PBXFileReference; fileEncoding = 4; lastKnownFileType = sourcecode.c.h; path = "MKAnnotationView+WebCache.h"; sourceTree = "<group>"; };
		7959B9141A31FC8B00F52D17 /* MKAnnotationView+WebCache.m */ = {isa = PBXFileReference; fileEncoding = 4; lastKnownFileType = sourcecode.c.objc; path = "MKAnnotationView+WebCache.m"; sourceTree = "<group>"; };
		7959B9151A31FC8B00F52D17 /* NSData+ImageContentType.h */ = {isa = PBXFileReference; fileEncoding = 4; lastKnownFileType = sourcecode.c.h; path = "NSData+ImageContentType.h"; sourceTree = "<group>"; };
		7959B9161A31FC8B00F52D17 /* NSData+ImageContentType.m */ = {isa = PBXFileReference; fileEncoding = 4; lastKnownFileType = sourcecode.c.objc; path = "NSData+ImageContentType.m"; sourceTree = "<group>"; };
		7959B9171A31FC8B00F52D17 /* SDImageCache.h */ = {isa = PBXFileReference; fileEncoding = 4; lastKnownFileType = sourcecode.c.h; path = SDImageCache.h; sourceTree = "<group>"; };
		7959B9181A31FC8B00F52D17 /* SDImageCache.m */ = {isa = PBXFileReference; fileEncoding = 4; lastKnownFileType = sourcecode.c.objc; path = SDImageCache.m; sourceTree = "<group>"; };
		7959B9191A31FC8B00F52D17 /* SDWebImageCompat.h */ = {isa = PBXFileReference; fileEncoding = 4; lastKnownFileType = sourcecode.c.h; path = SDWebImageCompat.h; sourceTree = "<group>"; };
		7959B91A1A31FC8B00F52D17 /* SDWebImageCompat.m */ = {isa = PBXFileReference; fileEncoding = 4; lastKnownFileType = sourcecode.c.objc; path = SDWebImageCompat.m; sourceTree = "<group>"; };
		7959B91B1A31FC8B00F52D17 /* SDWebImageDecoder.h */ = {isa = PBXFileReference; fileEncoding = 4; lastKnownFileType = sourcecode.c.h; path = SDWebImageDecoder.h; sourceTree = "<group>"; };
		7959B91C1A31FC8B00F52D17 /* SDWebImageDecoder.m */ = {isa = PBXFileReference; fileEncoding = 4; lastKnownFileType = sourcecode.c.objc; path = SDWebImageDecoder.m; sourceTree = "<group>"; };
		7959B91D1A31FC8B00F52D17 /* SDWebImageDownloader.h */ = {isa = PBXFileReference; fileEncoding = 4; lastKnownFileType = sourcecode.c.h; path = SDWebImageDownloader.h; sourceTree = "<group>"; };
		7959B91E1A31FC8B00F52D17 /* SDWebImageDownloader.m */ = {isa = PBXFileReference; fileEncoding = 4; lastKnownFileType = sourcecode.c.objc; path = SDWebImageDownloader.m; sourceTree = "<group>"; };
		7959B91F1A31FC8B00F52D17 /* SDWebImageDownloaderOperation.h */ = {isa = PBXFileReference; fileEncoding = 4; lastKnownFileType = sourcecode.c.h; path = SDWebImageDownloaderOperation.h; sourceTree = "<group>"; };
		7959B9201A31FC8B00F52D17 /* SDWebImageDownloaderOperation.m */ = {isa = PBXFileReference; fileEncoding = 4; lastKnownFileType = sourcecode.c.objc; path = SDWebImageDownloaderOperation.m; sourceTree = "<group>"; };
		7959B9211A31FC8B00F52D17 /* SDWebImageManager.h */ = {isa = PBXFileReference; fileEncoding = 4; lastKnownFileType = sourcecode.c.h; path = SDWebImageManager.h; sourceTree = "<group>"; };
		7959B9221A31FC8B00F52D17 /* SDWebImageManager.m */ = {isa = PBXFileReference; fileEncoding = 4; lastKnownFileType = sourcecode.c.objc; path = SDWebImageManager.m; sourceTree = "<group>"; };
		7959B9231A31FC8B00F52D17 /* SDWebImageOperation.h */ = {isa = PBXFileReference; fileEncoding = 4; lastKnownFileType = sourcecode.c.h; path = SDWebImageOperation.h; sourceTree = "<group>"; };
		7959B9241A31FC8B00F52D17 /* SDWebImagePrefetcher.h */ = {isa = PBXFileReference; fileEncoding = 4; lastKnownFileType = sourcecode.c.h; path = SDWebImagePrefetcher.h; sourceTree = "<group>"; };
		7959B9251A31FC8B00F52D17 /* SDWebImagePrefetcher.m */ = {isa = PBXFileReference; fileEncoding = 4; lastKnownFileType = sourcecode.c.objc; path = SDWebImagePrefetcher.m; sourceTree = "<group>"; };
		7959B9261A31FC8B00F52D17 /* UIButton+WebCache.h */ = {isa = PBXFileReference; fileEncoding = 4; lastKnownFileType = sourcecode.c.h; path = "UIButton+WebCache.h"; sourceTree = "<group>"; };
		7959B9271A31FC8B00F52D17 /* UIButton+WebCache.m */ = {isa = PBXFileReference; fileEncoding = 4; lastKnownFileType = sourcecode.c.objc; path = "UIButton+WebCache.m"; sourceTree = "<group>"; };
		7959B9281A31FC8B00F52D17 /* UIImage+GIF.h */ = {isa = PBXFileReference; fileEncoding = 4; lastKnownFileType = sourcecode.c.h; path = "UIImage+GIF.h"; sourceTree = "<group>"; };
		7959B9291A31FC8B00F52D17 /* UIImage+GIF.m */ = {isa = PBXFileReference; fileEncoding = 4; lastKnownFileType = sourcecode.c.objc; path = "UIImage+GIF.m"; sourceTree = "<group>"; };
		7959B92A1A31FC8B00F52D17 /* UIImage+MultiFormat.h */ = {isa = PBXFileReference; fileEncoding = 4; lastKnownFileType = sourcecode.c.h; path = "UIImage+MultiFormat.h"; sourceTree = "<group>"; };
		7959B92B1A31FC8B00F52D17 /* UIImage+MultiFormat.m */ = {isa = PBXFileReference; fileEncoding = 4; lastKnownFileType = sourcecode.c.objc; path = "UIImage+MultiFormat.m"; sourceTree = "<group>"; };
		7959B92C1A31FC8B00F52D17 /* UIImage+WebP.h */ = {isa = PBXFileReference; fileEncoding = 4; lastKnownFileType = sourcecode.c.h; path = "UIImage+WebP.h"; sourceTree = "<group>"; };
		7959B92D1A31FC8B00F52D17 /* UIImage+WebP.m */ = {isa = PBXFileReference; fileEncoding = 4; lastKnownFileType = sourcecode.c.objc; path = "UIImage+WebP.m"; sourceTree = "<group>"; };
		7959B92E1A31FC8B00F52D17 /* UIImageView+HighlightedWebCache.h */ = {isa = PBXFileReference; fileEncoding = 4; lastKnownFileType = sourcecode.c.h; path = "UIImageView+HighlightedWebCache.h"; sourceTree = "<group>"; };
		7959B92F1A31FC8B00F52D17 /* UIImageView+HighlightedWebCache.m */ = {isa = PBXFileReference; fileEncoding = 4; lastKnownFileType = sourcecode.c.objc; path = "UIImageView+HighlightedWebCache.m"; sourceTree = "<group>"; };
		7959B9301A31FC8B00F52D17 /* UIImageView+WebCache.h */ = {isa = PBXFileReference; fileEncoding = 4; lastKnownFileType = sourcecode.c.h; path = "UIImageView+WebCache.h"; sourceTree = "<group>"; };
		7959B9311A31FC8B00F52D17 /* UIImageView+WebCache.m */ = {isa = PBXFileReference; fileEncoding = 4; lastKnownFileType = sourcecode.c.objc; path = "UIImageView+WebCache.m"; sourceTree = "<group>"; };
		7959B9321A31FC8B00F52D17 /* UIView+WebCacheOperation.h */ = {isa = PBXFileReference; fileEncoding = 4; lastKnownFileType = sourcecode.c.h; path = "UIView+WebCacheOperation.h"; sourceTree = "<group>"; };
		7959B9331A31FC8B00F52D17 /* UIView+WebCacheOperation.m */ = {isa = PBXFileReference; fileEncoding = 4; lastKnownFileType = sourcecode.c.objc; path = "UIView+WebCacheOperation.m"; sourceTree = "<group>"; };
		7959B94D1A31FDE900F52D17 /* Defines.h */ = {isa = PBXFileReference; fileEncoding = 4; lastKnownFileType = sourcecode.c.h; path = Defines.h; sourceTree = "<group>"; };
		7959B94E1A31FE9400F52D17 /* NewsCell.h */ = {isa = PBXFileReference; fileEncoding = 4; lastKnownFileType = sourcecode.c.h; path = NewsCell.h; sourceTree = "<group>"; };
		7959B94F1A31FE9400F52D17 /* NewsCell.m */ = {isa = PBXFileReference; fileEncoding = 4; lastKnownFileType = sourcecode.c.objc; path = NewsCell.m; sourceTree = "<group>"; };
		7959B9511A32006F00F52D17 /* CustomImageView.h */ = {isa = PBXFileReference; fileEncoding = 4; lastKnownFileType = sourcecode.c.h; path = CustomImageView.h; sourceTree = "<group>"; };
		7959B9521A32006F00F52D17 /* CustomImageView.m */ = {isa = PBXFileReference; fileEncoding = 4; lastKnownFileType = sourcecode.c.objc; path = CustomImageView.m; sourceTree = "<group>"; };
/* End PBXFileReference section */

/* Begin PBXFrameworksBuildPhase section */
		7959B8D11A31FC0600F52D17 /* Frameworks */ = {
			isa = PBXFrameworksBuildPhase;
			buildActionMask = 2147483647;
			files = (
			);
			runOnlyForDeploymentPostprocessing = 0;
		};
		7959B8EA1A31FC0600F52D17 /* Frameworks */ = {
			isa = PBXFrameworksBuildPhase;
			buildActionMask = 2147483647;
			files = (
			);
			runOnlyForDeploymentPostprocessing = 0;
		};
/* End PBXFrameworksBuildPhase section */

/* Begin PBXGroup section */
		7959B8CB1A31FC0600F52D17 = {
			isa = PBXGroup;
			children = (
				7959B8FD1A31FC6900F52D17 /* Utilities */,
				7959B8D61A31FC0600F52D17 /* 2014-12-05-3 */,
				7959B8F01A31FC0600F52D17 /* 2014-12-05-3Tests */,
				7959B8D51A31FC0600F52D17 /* Products */,
			);
			sourceTree = "<group>";
		};
		7959B8D51A31FC0600F52D17 /* Products */ = {
			isa = PBXGroup;
			children = (
				7959B8D41A31FC0600F52D17 /* 2014-12-05-3.app */,
				7959B8ED1A31FC0600F52D17 /* 2014-12-05-3Tests.xctest */,
			);
			name = Products;
			sourceTree = "<group>";
		};
		7959B8D61A31FC0600F52D17 /* 2014-12-05-3 */ = {
			isa = PBXGroup;
			children = (
				7959B8DB1A31FC0600F52D17 /* AppDelegate.h */,
				7959B8DC1A31FC0600F52D17 /* AppDelegate.m */,
				7959B8DE1A31FC0600F52D17 /* ViewController.h */,
				7959B94D1A31FDE900F52D17 /* Defines.h */,
				7959B94E1A31FE9400F52D17 /* NewsCell.h */,
				7959B9511A32006F00F52D17 /* CustomImageView.h */,
				7959B9521A32006F00F52D17 /* CustomImageView.m */,
				7959B94F1A31FE9400F52D17 /* NewsCell.m */,
				7912A2BE1A32D99D0098466E /* DetailViewController.h */,
				7912A2BF1A32D99D0098466E /* DetailViewController.m */,
				7959B8DF1A31FC0600F52D17 /* ViewController.m */,
				7959B8E11A31FC0600F52D17 /* Main.storyboard */,
				7959B8E41A31FC0600F52D17 /* Images.xcassets */,
				7959B8E61A31FC0600F52D17 /* LaunchScreen.xib */,
				7959B8D71A31FC0600F52D17 /* Supporting Files */,
			);
			path = "2014-12-05-3";
			sourceTree = "<group>";
		};
		7959B8D71A31FC0600F52D17 /* Supporting Files */ = {
			isa = PBXGroup;
			children = (
				7959B8D81A31FC0600F52D17 /* Info.plist */,
				7959B8D91A31FC0600F52D17 /* main.m */,
			);
			name = "Supporting Files";
			sourceTree = "<group>";
		};
		7959B8F01A31FC0600F52D17 /* 2014-12-05-3Tests */ = {
			isa = PBXGroup;
			children = (
				7959B8F31A31FC0600F52D17 /* _014_12_05_3Tests.m */,
				7959B8F11A31FC0600F52D17 /* Supporting Files */,
			);
			path = "2014-12-05-3Tests";
			sourceTree = "<group>";
		};
		7959B8F11A31FC0600F52D17 /* Supporting Files */ = {
			isa = PBXGroup;
			children = (
				7959B8F21A31FC0600F52D17 /* Info.plist */,
			);
			name = "Supporting Files";
			sourceTree = "<group>";
		};
		7959B8FD1A31FC6900F52D17 /* Utilities */ = {
			isa = PBXGroup;
			children = (
				7959B8FE1A31FC8B00F52D17 /* AFNetworking */,
				7959B9121A31FC8B00F52D17 /* SDWebImage */,
			);
			path = Utilities;
			sourceTree = "<group>";
		};
		7959B8FE1A31FC8B00F52D17 /* AFNetworking */ = {
			isa = PBXGroup;
			children = (
				7959B8FF1A31FC8B00F52D17 /* AFHTTPRequestOperation.h */,
				7959B9001A31FC8B00F52D17 /* AFHTTPRequestOperation.m */,
				7959B9011A31FC8B00F52D17 /* AFHTTPRequestOperationManager.h */,
				7959B9021A31FC8B00F52D17 /* AFHTTPRequestOperationManager.m */,
				7959B9031A31FC8B00F52D17 /* AFHTTPSessionManager.h */,
				7959B9041A31FC8B00F52D17 /* AFHTTPSessionManager.m */,
				7959B9051A31FC8B00F52D17 /* AFNetworking.h */,
				7959B9061A31FC8B00F52D17 /* AFNetworkReachabilityManager.h */,
				7959B9071A31FC8B00F52D17 /* AFNetworkReachabilityManager.m */,
				7959B9081A31FC8B00F52D17 /* AFSecurityPolicy.h */,
				7959B9091A31FC8B00F52D17 /* AFSecurityPolicy.m */,
				7959B90A1A31FC8B00F52D17 /* AFURLConnectionOperation.h */,
				7959B90B1A31FC8B00F52D17 /* AFURLConnectionOperation.m */,
				7959B90C1A31FC8B00F52D17 /* AFURLRequestSerialization.h */,
				7959B90D1A31FC8B00F52D17 /* AFURLRequestSerialization.m */,
				7959B90E1A31FC8B00F52D17 /* AFURLResponseSerialization.h */,
				7959B90F1A31FC8B00F52D17 /* AFURLResponseSerialization.m */,
				7959B9101A31FC8B00F52D17 /* AFURLSessionManager.h */,
				7959B9111A31FC8B00F52D17 /* AFURLSessionManager.m */,
			);
			path = AFNetworking;
			sourceTree = "<group>";
		};
		7959B9121A31FC8B00F52D17 /* SDWebImage */ = {
			isa = PBXGroup;
			children = (
				7959B9131A31FC8B00F52D17 /* MKAnnotationView+WebCache.h */,
				7959B9141A31FC8B00F52D17 /* MKAnnotationView+WebCache.m */,
				7959B9151A31FC8B00F52D17 /* NSData+ImageContentType.h */,
				7959B9161A31FC8B00F52D17 /* NSData+ImageContentType.m */,
				7959B9171A31FC8B00F52D17 /* SDImageCache.h */,
				7959B9181A31FC8B00F52D17 /* SDImageCache.m */,
				7959B9191A31FC8B00F52D17 /* SDWebImageCompat.h */,
				7959B91A1A31FC8B00F52D17 /* SDWebImageCompat.m */,
				7959B91B1A31FC8B00F52D17 /* SDWebImageDecoder.h */,
				7959B91C1A31FC8B00F52D17 /* SDWebImageDecoder.m */,
				7959B91D1A31FC8B00F52D17 /* SDWebImageDownloader.h */,
				7959B91E1A31FC8B00F52D17 /* SDWebImageDownloader.m */,
				7959B91F1A31FC8B00F52D17 /* SDWebImageDownloaderOperation.h */,
				7959B9201A31FC8B00F52D17 /* SDWebImageDownloaderOperation.m */,
				7959B9211A31FC8B00F52D17 /* SDWebImageManager.h */,
				7959B9221A31FC8B00F52D17 /* SDWebImageManager.m */,
				7959B9231A31FC8B00F52D17 /* SDWebImageOperation.h */,
				7959B9241A31FC8B00F52D17 /* SDWebImagePrefetcher.h */,
				7959B9251A31FC8B00F52D17 /* SDWebImagePrefetcher.m */,
				7959B9261A31FC8B00F52D17 /* UIButton+WebCache.h */,
				7959B9271A31FC8B00F52D17 /* UIButton+WebCache.m */,
				7959B9281A31FC8B00F52D17 /* UIImage+GIF.h */,
				7959B9291A31FC8B00F52D17 /* UIImage+GIF.m */,
				7959B92A1A31FC8B00F52D17 /* UIImage+MultiFormat.h */,
				7959B92B1A31FC8B00F52D17 /* UIImage+MultiFormat.m */,
				7959B92C1A31FC8B00F52D17 /* UIImage+WebP.h */,
				7959B92D1A31FC8B00F52D17 /* UIImage+WebP.m */,
				7959B92E1A31FC8B00F52D17 /* UIImageView+HighlightedWebCache.h */,
				7959B92F1A31FC8B00F52D17 /* UIImageView+HighlightedWebCache.m */,
				7959B9301A31FC8B00F52D17 /* UIImageView+WebCache.h */,
				7959B9311A31FC8B00F52D17 /* UIImageView+WebCache.m */,
				7959B9321A31FC8B00F52D17 /* UIView+WebCacheOperation.h */,
				7959B9331A31FC8B00F52D17 /* UIView+WebCacheOperation.m */,
			);
			path = SDWebImage;
			sourceTree = "<group>";
		};
/* End PBXGroup section */

/* Begin PBXNativeTarget section */
		7959B8D31A31FC0600F52D17 /* 2014-12-05-3 */ = {
			isa = PBXNativeTarget;
			buildConfigurationList = 7959B8F71A31FC0600F52D17 /* Build configuration list for PBXNativeTarget "2014-12-05-3" */;
			buildPhases = (
				7959B8D01A31FC0600F52D17 /* Sources */,
				7959B8D11A31FC0600F52D17 /* Frameworks */,
				7959B8D21A31FC0600F52D17 /* Resources */,
			);
			buildRules = (
			);
			dependencies = (
			);
			name = "2014-12-05-3";
			productName = "2014-12-05-3";
			productReference = 7959B8D41A31FC0600F52D17 /* 2014-12-05-3.app */;
			productType = "com.apple.product-type.application";
		};
		7959B8EC1A31FC0600F52D17 /* 2014-12-05-3Tests */ = {
			isa = PBXNativeTarget;
			buildConfigurationList = 7959B8FA1A31FC0600F52D17 /* Build configuration list for PBXNativeTarget "2014-12-05-3Tests" */;
			buildPhases = (
				7959B8E91A31FC0600F52D17 /* Sources */,
				7959B8EA1A31FC0600F52D17 /* Frameworks */,
				7959B8EB1A31FC0600F52D17 /* Resources */,
			);
			buildRules = (
			);
			dependencies = (
				7959B8EF1A31FC0600F52D17 /* PBXTargetDependency */,
			);
			name = "2014-12-05-3Tests";
			productName = "2014-12-05-3Tests";
			productReference = 7959B8ED1A31FC0600F52D17 /* 2014-12-05-3Tests.xctest */;
			productType = "com.apple.product-type.bundle.unit-test";
		};
/* End PBXNativeTarget section */

/* Begin PBXProject section */
		7959B8CC1A31FC0600F52D17 /* Project object */ = {
			isa = PBXProject;
			attributes = {
				LastUpgradeCheck = 0610;
				ORGANIZATIONNAME = TTC;
				TargetAttributes = {
					7959B8D31A31FC0600F52D17 = {
						CreatedOnToolsVersion = 6.1.1;
					};
					7959B8EC1A31FC0600F52D17 = {
						CreatedOnToolsVersion = 6.1.1;
						TestTargetID = 7959B8D31A31FC0600F52D17;
					};
				};
			};
			buildConfigurationList = 7959B8CF1A31FC0600F52D17 /* Build configuration list for PBXProject "2014-12-05-3" */;
			compatibilityVersion = "Xcode 3.2";
			developmentRegion = English;
			hasScannedForEncodings = 0;
			knownRegions = (
				en,
				Base,
			);
			mainGroup = 7959B8CB1A31FC0600F52D17;
			productRefGroup = 7959B8D51A31FC0600F52D17 /* Products */;
			projectDirPath = "";
			projectRoot = "";
			targets = (
				7959B8D31A31FC0600F52D17 /* 2014-12-05-3 */,
				7959B8EC1A31FC0600F52D17 /* 2014-12-05-3Tests */,
			);
		};
/* End PBXProject section */

/* Begin PBXResourcesBuildPhase section */
		7959B8D21A31FC0600F52D17 /* Resources */ = {
			isa = PBXResourcesBuildPhase;
			buildActionMask = 2147483647;
			files = (
				7959B8E31A31FC0600F52D17 /* Main.storyboard in Resources */,
				7959B8E81A31FC0600F52D17 /* LaunchScreen.xib in Resources */,
				7959B8E51A31FC0600F52D17 /* Images.xcassets in Resources */,
			);
			runOnlyForDeploymentPostprocessing = 0;
		};
		7959B8EB1A31FC0600F52D17 /* Resources */ = {
			isa = PBXResourcesBuildPhase;
			buildActionMask = 2147483647;
			files = (
			);
			runOnlyForDeploymentPostprocessing = 0;
		};
/* End PBXResourcesBuildPhase section */

/* Begin PBXSourcesBuildPhase section */
		7959B8D01A31FC0600F52D17 /* Sources */ = {
			isa = PBXSourcesBuildPhase;
			buildActionMask = 2147483647;
			files = (
				7959B9341A31FC8B00F52D17 /* AFHTTPRequestOperation.m in Sources */,
				7959B8E01A31FC0600F52D17 /* ViewController.m in Sources */,
				7959B9491A31FC8B00F52D17 /* UIImage+WebP.m in Sources */,
				7959B9351A31FC8B00F52D17 /* AFHTTPRequestOperationManager.m in Sources */,
				7959B9461A31FC8B00F52D17 /* UIButton+WebCache.m in Sources */,
				7959B9531A32006F00F52D17 /* CustomImageView.m in Sources */,
				7959B9431A31FC8B00F52D17 /* SDWebImageDownloaderOperation.m in Sources */,
				7959B9371A31FC8B00F52D17 /* AFNetworkReachabilityManager.m in Sources */,
				7959B93F1A31FC8B00F52D17 /* SDImageCache.m in Sources */,
				7912A2C01A32D99D0098466E /* DetailViewController.m in Sources */,
				7959B93E1A31FC8B00F52D17 /* NSData+ImageContentType.m in Sources */,
				7959B93B1A31FC8B00F52D17 /* AFURLResponseSerialization.m in Sources */,
				7959B9411A31FC8B00F52D17 /* SDWebImageDecoder.m in Sources */,
				7959B9391A31FC8B00F52D17 /* AFURLConnectionOperation.m in Sources */,
				7959B94A1A31FC8B00F52D17 /* UIImageView+HighlightedWebCache.m in Sources */,
				7959B9381A31FC8B00F52D17 /* AFSecurityPolicy.m in Sources */,
				7959B9421A31FC8B00F52D17 /* SDWebImageDownloader.m in Sources */,
				7959B9401A31FC8B00F52D17 /* SDWebImageCompat.m in Sources */,
				7959B9361A31FC8B00F52D17 /* AFHTTPSessionManager.m in Sources */,
				7959B9471A31FC8B00F52D17 /* UIImage+GIF.m in Sources */,
				7959B9481A31FC8B00F52D17 /* UIImage+MultiFormat.m in Sources */,
				7959B93A1A31FC8B00F52D17 /* AFURLRequestSerialization.m in Sources */,
				7959B9451A31FC8B00F52D17 /* SDWebImagePrefetcher.m in Sources */,
				7959B93C1A31FC8B00F52D17 /* AFURLSessionManager.m in Sources */,
				7959B93D1A31FC8B00F52D17 /* MKAnnotationView+WebCache.m in Sources */,
				7959B94B1A31FC8B00F52D17 /* UIImageView+WebCache.m in Sources */,
				7959B9501A31FE9400F52D17 /* NewsCell.m in Sources */,
				7959B94C1A31FC8B00F52D17 /* UIView+WebCacheOperation.m in Sources */,
				7959B9441A31FC8B00F52D17 /* SDWebImageManager.m in Sources */,
				7959B8DD1A31FC0600F52D17 /* AppDelegate.m in Sources */,
				7959B8DA1A31FC0600F52D17 /* main.m in Sources */,
			);
			runOnlyForDeploymentPostprocessing = 0;
		};
		7959B8E91A31FC0600F52D17 /* Sources */ = {
			isa = PBXSourcesBuildPhase;
			buildActionMask = 2147483647;
			files = (
				7959B8F41A31FC0600F52D17 /* _014_12_05_3Tests.m in Sources */,
			);
			runOnlyForDeploymentPostprocessing = 0;
		};
/* End PBXSourcesBuildPhase section */

/* Begin PBXTargetDependency section */
		7959B8EF1A31FC0600F52D17 /* PBXTargetDependency */ = {
			isa = PBXTargetDependency;
			target = 7959B8D31A31FC0600F52D17 /* 2014-12-05-3 */;
			targetProxy = 7959B8EE1A31FC0600F52D17 /* PBXContainerItemProxy */;
		};
/* End PBXTargetDependency section */

/* Begin PBXVariantGroup section */
		7959B8E11A31FC0600F52D17 /* Main.storyboard */ = {
			isa = PBXVariantGroup;
			children = (
				7959B8E21A31FC0600F52D17 /* Base */,
			);
			name = Main.storyboard;
			sourceTree = "<group>";
		};
		7959B8E61A31FC0600F52D17 /* LaunchScreen.xib */ = {
			isa = PBXVariantGroup;
			children = (
				7959B8E71A31FC0600F52D17 /* Base */,
			);
			name = LaunchScreen.xib;
			sourceTree = "<group>";
		};
/* End PBXVariantGroup section */

/* Begin XCBuildConfiguration section */
		7959B8F51A31FC0600F52D17 /* Debug */ = {
			isa = XCBuildConfiguration;
			buildSettings = {
				ALWAYS_SEARCH_USER_PATHS = NO;
				CLANG_CXX_LANGUAGE_STANDARD = "gnu++0x";
				CLANG_CXX_LIBRARY = "libc++";
				CLANG_ENABLE_MODULES = YES;
				CLANG_ENABLE_OBJC_ARC = YES;
				CLANG_WARN_BOOL_CONVERSION = YES;
				CLANG_WARN_CONSTANT_CONVERSION = YES;
				CLANG_WARN_DIRECT_OBJC_ISA_USAGE = YES_ERROR;
				CLANG_WARN_EMPTY_BODY = YES;
				CLANG_WARN_ENUM_CONVERSION = YES;
				CLANG_WARN_INT_CONVERSION = YES;
				CLANG_WARN_OBJC_ROOT_CLASS = YES_ERROR;
				CLANG_WARN_UNREACHABLE_CODE = YES;
				CLANG_WARN__DUPLICATE_METHOD_MATCH = YES;
				CODE_SIGN_IDENTITY = "iPhone Developer: Xunyu Huang (5Y9L8QABJ4)";
				"CODE_SIGN_IDENTITY[sdk=iphoneos*]" = "iPhone Developer: Xunyu Huang (5Y9L8QABJ4)";
				COPY_PHASE_STRIP = NO;
				ENABLE_STRICT_OBJC_MSGSEND = YES;
				GCC_C_LANGUAGE_STANDARD = gnu99;
				GCC_DYNAMIC_NO_PIC = NO;
				GCC_OPTIMIZATION_LEVEL = 0;
				GCC_PREPROCESSOR_DEFINITIONS = (
					"DEBUG=1",
					"$(inherited)",
				);
				GCC_SYMBOLS_PRIVATE_EXTERN = NO;
				GCC_WARN_64_TO_32_BIT_CONVERSION = YES;
				GCC_WARN_ABOUT_RETURN_TYPE = YES_ERROR;
				GCC_WARN_UNDECLARED_SELECTOR = YES;
				GCC_WARN_UNINITIALIZED_AUTOS = YES_AGGRESSIVE;
				GCC_WARN_UNUSED_FUNCTION = YES;
				GCC_WARN_UNUSED_VARIABLE = YES;
				IPHONEOS_DEPLOYMENT_TARGET = 8.1;
				MTL_ENABLE_DEBUG_INFO = YES;
				ONLY_ACTIVE_ARCH = YES;
				SDKROOT = iphoneos;
			};
			name = Debug;
		};
		7959B8F61A31FC0600F52D17 /* Release */ = {
			isa = XCBuildConfiguration;
			buildSettings = {
				ALWAYS_SEARCH_USER_PATHS = NO;
				CLANG_CXX_LANGUAGE_STANDARD = "gnu++0x";
				CLANG_CXX_LIBRARY = "libc++";
				CLANG_ENABLE_MODULES = YES;
				CLANG_ENABLE_OBJC_ARC = YES;
				CLANG_WARN_BOOL_CONVERSION = YES;
				CLANG_WARN_CONSTANT_CONVERSION = YES;
				CLANG_WARN_DIRECT_OBJC_ISA_USAGE = YES_ERROR;
				CLANG_WARN_EMPTY_BODY = YES;
				CLANG_WARN_ENUM_CONVERSION = YES;
				CLANG_WARN_INT_CONVERSION = YES;
				CLANG_WARN_OBJC_ROOT_CLASS = YES_ERROR;
				CLANG_WARN_UNREACHABLE_CODE = YES;
				CLANG_WARN__DUPLICATE_METHOD_MATCH = YES;
				CODE_SIGN_IDENTITY = "iPhone Developer: Xunyu Huang (5Y9L8QABJ4)";
				"CODE_SIGN_IDENTITY[sdk=iphoneos*]" = "iPhone Developer: Xunyu Huang (5Y9L8QABJ4)";
				COPY_PHASE_STRIP = YES;
				ENABLE_NS_ASSERTIONS = NO;
				ENABLE_STRICT_OBJC_MSGSEND = YES;
				GCC_C_LANGUAGE_STANDARD = gnu99;
				GCC_WARN_64_TO_32_BIT_CONVERSION = YES;
				GCC_WARN_ABOUT_RETURN_TYPE = YES_ERROR;
				GCC_WARN_UNDECLARED_SELECTOR = YES;
				GCC_WARN_UNINITIALIZED_AUTOS = YES_AGGRESSIVE;
				GCC_WARN_UNUSED_FUNCTION = YES;
				GCC_WARN_UNUSED_VARIABLE = YES;
				IPHONEOS_DEPLOYMENT_TARGET = 8.1;
				MTL_ENABLE_DEBUG_INFO = NO;
				SDKROOT = iphoneos;
				VALIDATE_PRODUCT = YES;
			};
			name = Release;
		};
		7959B8F81A31FC0600F52D17 /* Debug */ = {
			isa = XCBuildConfiguration;
			buildSettings = {
				ASSETCATALOG_COMPILER_APPICON_NAME = AppIcon;
				INFOPLIST_FILE = "2014-12-05-3/Info.plist";
				LD_RUNPATH_SEARCH_PATHS = "$(inherited) @executable_path/Frameworks";
				PRODUCT_NAME = "$(TARGET_NAME)";
			};
			name = Debug;
		};
		7959B8F91A31FC0600F52D17 /* Release */ = {
			isa = XCBuildConfiguration;
			buildSettings = {
				ASSETCATALOG_COMPILER_APPICON_NAME = AppIcon;
				INFOPLIST_FILE = "2014-12-05-3/Info.plist";
				LD_RUNPATH_SEARCH_PATHS = "$(inherited) @executable_path/Frameworks";
				PRODUCT_NAME = "$(TARGET_NAME)";
			};
			name = Release;
		};
		7959B8FB1A31FC0600F52D17 /* Debug */ = {
			isa = XCBuildConfiguration;
			buildSettings = {
				BUNDLE_LOADER = "$(TEST_HOST)";
				FRAMEWORK_SEARCH_PATHS = (
					"$(SDKROOT)/Developer/Library/Frameworks",
					"$(inherited)",
				);
				GCC_PREPROCESSOR_DEFINITIONS = (
					"DEBUG=1",
					"$(inherited)",
				);
				INFOPLIST_FILE = "2014-12-05-3Tests/Info.plist";
				LD_RUNPATH_SEARCH_PATHS = "$(inherited) @executable_path/Frameworks @loader_path/Frameworks";
				PRODUCT_NAME = "$(TARGET_NAME)";
				TEST_HOST = "$(BUILT_PRODUCTS_DIR)/2014-12-05-3.app/2014-12-05-3";
			};
			name = Debug;
		};
		7959B8FC1A31FC0600F52D17 /* Release */ = {
			isa = XCBuildConfiguration;
			buildSettings = {
				BUNDLE_LOADER = "$(TEST_HOST)";
				FRAMEWORK_SEARCH_PATHS = (
					"$(SDKROOT)/Developer/Library/Frameworks",
					"$(inherited)",
				);
				INFOPLIST_FILE = "2014-12-05-3Tests/Info.plist";
				LD_RUNPATH_SEARCH_PATHS = "$(inherited) @executable_path/Frameworks @loader_path/Frameworks";
				PRODUCT_NAME = "$(TARGET_NAME)";
				TEST_HOST = "$(BUILT_PRODUCTS_DIR)/2014-12-05-3.app/2014-12-05-3";
			};
			name = Release;
		};
/* End XCBuildConfiguration section */

/* Begin XCConfigurationList section */
		7959B8CF1A31FC0600F52D17 /* Build configuration list for PBXProject "2014-12-05-3" */ = {
			isa = XCConfigurationList;
			buildConfigurations = (
				7959B8F51A31FC0600F52D17 /* Debug */,
				7959B8F61A31FC0600F52D17 /* Release */,
			);
			defaultConfigurationIsVisible = 0;
			defaultConfigurationName = Release;
		};
		7959B8F71A31FC0600F52D17 /* Build configuration list for PBXNativeTarget "2014-12-05-3" */ = {
			isa = XCConfigurationList;
			buildConfigurations = (
				7959B8F81A31FC0600F52D17 /* Debug */,
				7959B8F91A31FC0600F52D17 /* Release */,
			);
			defaultConfigurationIsVisible = 0;
			defaultConfigurationName = Release;
		};
		7959B8FA1A31FC0600F52D17 /* Build configuration list for PBXNativeTarget "2014-12-05-3Tests" */ = {
			isa = XCConfigurationList;
			buildConfigurations = (
				7959B8FB1A31FC0600F52D17 /* Debug */,
				7959B8FC1A31FC0600F52D17 /* Release */,
			);
			defaultConfigurationIsVisible = 0;
			defaultConfigurationName = Release;
		};
/* End XCConfigurationList section */
	};
	rootObject = 7959B8CC1A31FC0600F52D17 /* Project object */;
}
